# This file was autogenerated by Stack.
# You should not edit this file by hand.
# For more information, please see the documentation at:
#   https://docs.haskellstack.org/en/stable/lock_files

packages:
- completed:
    cabal-file:
      size: 2568
      sha256: e4a8c8a5827176d510f63ebfe76dd8fbf300a046eae7b4492bc1d33135e79516
    name: aeson-deriving
    version: 0.1.0.0
    git: https://github.com/fieldstrength/aeson-deriving
    pantry-tree:
      size: 1077
      sha256: f4b54778028daf7ede63c5512f45928539e300be342267eb44bb6e7432497d09
    commit: 37830161c0895c8fd79977dd704c1efe74f6cd59
  original:
    git: https://github.com/fieldstrength/aeson-deriving
    commit: 37830161c0895c8fd79977dd704c1efe74f6cd59
snapshots:
- completed:
    size: 491372
    url: https://raw.githubusercontent.com/commercialhaskell/stackage-snapshots/master/lts/15/2.yaml
    sha256: a98d091d911606d0d8adccbeb811b81bbd8cc2d888f99ef9e273350e8e9692a8
  original: lts-15.2
