# This file was autogenerated by Stack.
# You should not edit this file by hand.
# For more information, please see the documentation at:
#   https://docs.haskellstack.org/en/stable/lock_files

packages:
- completed:
    hackage: aeson-deriving-0.1.0.0@sha256:cac379989e4804809a019a13c773c9a5194dc9d1d3bd90746240eb00f22e684e,2611
    pantry-tree:
      size: 1019
      sha256: b586cdcdd859e5db9a48706b4a1da601ea5af6bca6a653ede42ad2b21d8b2b0f
  original:
    hackage: aeson-deriving-0.1.0.0
snapshots:
- completed:
    size: 491372
    url: https://raw.githubusercontent.com/commercialhaskell/stackage-snapshots/master/lts/15/2.yaml
    sha256: a98d091d911606d0d8adccbeb811b81bbd8cc2d888f99ef9e273350e8e9692a8
  original: lts-15.2
