# This file was autogenerated by Stack.
# You should not edit this file by hand.
# For more information, please see the documentation at:
#   https://docs.haskellstack.org/en/stable/lock_files

packages:
- completed:
    name: aeson-deriving
    version: 0.1.0.0
    git: https://github.com/fieldstrength/aeson-deriving
    pantry-tree:
      size: 1138
      sha256: 1ae357c67336b3613abd28284ee8590db51e482f3aa2fac21c9704cdd31201d3
    commit: 8ce466648e8e03429ba5975ffa6f28e659cb6da4
  original:
    git: https://github.com/fieldstrength/aeson-deriving
    commit: 8ce466648e8e03429ba5975ffa6f28e659cb6da4
snapshots:
- completed:
    size: 491372
    url: https://raw.githubusercontent.com/commercialhaskell/stackage-snapshots/master/lts/15/2.yaml
    sha256: a98d091d911606d0d8adccbeb811b81bbd8cc2d888f99ef9e273350e8e9692a8
  original: lts-15.2
